
Microsoft Visual Studio Solution File, Format Version 12.00
# Visual Studio Version 16
VisualStudioVersion = 16.0.29613.14
MinimumVisualStudioVersion = 10.0.40219.1
Project("{FAE04EC0-301F-11D3-BF4B-00C04F79EFBC}") = "TaxiQualifer.Common", "TaxiQualifer.Common\TaxiQualifer.Common.csproj", "{0B4E6931-3C4F-436A-BBF3-4C490363AE97}"
EndProject
Project("{FAE04EC0-301F-11D3-BF4B-00C04F79EFBC}") = "TaxiQualifer.Web", "TaxiQualifer.Web\TaxiQualifer.Web.csproj", "{D72561FC-50E6-4ED3-997B-72A0296B17E7}"
EndProject
Project("{FAE04EC0-301F-11D3-BF4B-00C04F79EFBC}") = "TaxiQualifer.Prism", "TaxiQualifer.Prism\TaxiQualifer.Prism\TaxiQualifer.Prism.csproj", "{67F22499-0815-4DEF-ACFF-5D2231743BEF}"
EndProject
Project("{FAE04EC0-301F-11D3-BF4B-00C04F79EFBC}") = "TaxiQualifer.Prism.Android", "TaxiQualifer.Prism\TaxiQualifer.Prism.Android\TaxiQualifer.Prism.Android.csproj", "{FD1B3CC7-63D7-4EFB-8762-C1C369561987}"
EndProject
Project("{FAE04EC0-301F-11D3-BF4B-00C04F79EFBC}") = "TaxiQualifer.Prism.iOS", "TaxiQualifer.Prism\TaxiQualifer.Prism.iOS\TaxiQualifer.Prism.iOS.csproj", "{6A5096A8-B980-4D1E-AE0F-B6F14B90A80D}"
EndProject
Project("{FAE04EC0-301F-11D3-BF4B-00C04F79EFBC}") = "TaxiQualifer.Cross.Android", "TaxiQualifer.Cross.Android\TaxiQualifer.Cross.Android.csproj", "{25C8182F-F823-4D0D-A415-0C5998877C50}"
EndProject
Project("{FAE04EC0-301F-11D3-BF4B-00C04F79EFBC}") = "TaxiQualifer.Cross.iOS", "TaxiQualifer.Cross.iOS\TaxiQualifer.Cross.iOS.csproj", "{EAACC8DA-A517-4053-B7A6-B69C0A28562F}"
EndProject
Global
	GlobalSection(SolutionConfigurationPlatforms) = preSolution
		Ad-Hoc|Any CPU = Ad-Hoc|Any CPU
		Ad-Hoc|iPhone = Ad-Hoc|iPhone
		Ad-Hoc|iPhoneSimulator = Ad-Hoc|iPhoneSimulator
		AppStore|Any CPU = AppStore|Any CPU
		AppStore|iPhone = AppStore|iPhone
		AppStore|iPhoneSimulator = AppStore|iPhoneSimulator
		Debug|Any CPU = Debug|Any CPU
		Debug|iPhone = Debug|iPhone
		Debug|iPhoneSimulator = Debug|iPhoneSimulator
		Release|Any CPU = Release|Any CPU
		Release|iPhone = Release|iPhone
		Release|iPhoneSimulator = Release|iPhoneSimulator
	EndGlobalSection
	GlobalSection(ProjectConfigurationPlatforms) = postSolution
		{0B4E6931-3C4F-436A-BBF3-4C490363AE97}.Ad-Hoc|Any CPU.ActiveCfg = Debug|Any CPU
		{0B4E6931-3C4F-436A-BBF3-4C490363AE97}.Ad-Hoc|Any CPU.Build.0 = Debug|Any CPU
		{0B4E6931-3C4F-436A-BBF3-4C490363AE97}.Ad-Hoc|iPhone.ActiveCfg = Debug|Any CPU
		{0B4E6931-3C4F-436A-BBF3-4C490363AE97}.Ad-Hoc|iPhone.Build.0 = Debug|Any CPU
		{0B4E6931-3C4F-436A-BBF3-4C490363AE97}.Ad-Hoc|iPhoneSimulator.ActiveCfg = Debug|Any CPU
		{0B4E6931-3C4F-436A-BBF3-4C490363AE97}.Ad-Hoc|iPhoneSimulator.Build.0 = Debug|Any CPU
		{0B4E6931-3C4F-436A-BBF3-4C490363AE97}.AppStore|Any CPU.ActiveCfg = Debug|Any CPU
		{0B4E6931-3C4F-436A-BBF3-4C490363AE97}.AppStore|Any CPU.Build.0 = Debug|Any CPU
		{0B4E6931-3C4F-436A-BBF3-4C490363AE97}.AppStore|iPhone.ActiveCfg = Debug|Any CPU
		{0B4E6931-3C4F-436A-BBF3-4C490363AE97}.AppStore|iPhone.Build.0 = Debug|Any CPU
		{0B4E6931-3C4F-436A-BBF3-4C490363AE97}.AppStore|iPhoneSimulator.ActiveCfg = Debug|Any CPU
		{0B4E6931-3C4F-436A-BBF3-4C490363AE97}.AppStore|iPhoneSimulator.Build.0 = Debug|Any CPU
		{0B4E6931-3C4F-436A-BBF3-4C490363AE97}.Debug|Any CPU.ActiveCfg = Debug|Any CPU
		{0B4E6931-3C4F-436A-BBF3-4C490363AE97}.Debug|Any CPU.Build.0 = Debug|Any CPU
		{0B4E6931-3C4F-436A-BBF3-4C490363AE97}.Debug|iPhone.ActiveCfg = Debug|Any CPU
		{0B4E6931-3C4F-436A-BBF3-4C490363AE97}.Debug|iPhone.Build.0 = Debug|Any CPU
		{0B4E6931-3C4F-436A-BBF3-4C490363AE97}.Debug|iPhoneSimulator.ActiveCfg = Debug|Any CPU
		{0B4E6931-3C4F-436A-BBF3-4C490363AE97}.Debug|iPhoneSimulator.Build.0 = Debug|Any CPU
		{0B4E6931-3C4F-436A-BBF3-4C490363AE97}.Release|Any CPU.ActiveCfg = Release|Any CPU
		{0B4E6931-3C4F-436A-BBF3-4C490363AE97}.Release|Any CPU.Build.0 = Release|Any CPU
		{0B4E6931-3C4F-436A-BBF3-4C490363AE97}.Release|iPhone.ActiveCfg = Release|Any CPU
		{0B4E6931-3C4F-436A-BBF3-4C490363AE97}.Release|iPhone.Build.0 = Release|Any CPU
		{0B4E6931-3C4F-436A-BBF3-4C490363AE97}.Release|iPhoneSimulator.ActiveCfg = Release|Any CPU
		{0B4E6931-3C4F-436A-BBF3-4C490363AE97}.Release|iPhoneSimulator.Build.0 = Release|Any CPU
		{D72561FC-50E6-4ED3-997B-72A0296B17E7}.Ad-Hoc|Any CPU.ActiveCfg = Debug|Any CPU
		{D72561FC-50E6-4ED3-997B-72A0296B17E7}.Ad-Hoc|Any CPU.Build.0 = Debug|Any CPU
		{D72561FC-50E6-4ED3-997B-72A0296B17E7}.Ad-Hoc|iPhone.ActiveCfg = Debug|Any CPU
		{D72561FC-50E6-4ED3-997B-72A0296B17E7}.Ad-Hoc|iPhone.Build.0 = Debug|Any CPU
		{D72561FC-50E6-4ED3-997B-72A0296B17E7}.Ad-Hoc|iPhoneSimulator.ActiveCfg = Debug|Any CPU
		{D72561FC-50E6-4ED3-997B-72A0296B17E7}.Ad-Hoc|iPhoneSimulator.Build.0 = Debug|Any CPU
		{D72561FC-50E6-4ED3-997B-72A0296B17E7}.AppStore|Any CPU.ActiveCfg = Debug|Any CPU
		{D72561FC-50E6-4ED3-997B-72A0296B17E7}.AppStore|Any CPU.Build.0 = Debug|Any CPU
		{D72561FC-50E6-4ED3-997B-72A0296B17E7}.AppStore|iPhone.ActiveCfg = Debug|Any CPU
		{D72561FC-50E6-4ED3-997B-72A0296B17E7}.AppStore|iPhone.Build.0 = Debug|Any CPU
		{D72561FC-50E6-4ED3-997B-72A0296B17E7}.AppStore|iPhoneSimulator.ActiveCfg = Debug|Any CPU
		{D72561FC-50E6-4ED3-997B-72A0296B17E7}.AppStore|iPhoneSimulator.Build.0 = Debug|Any CPU
		{D72561FC-50E6-4ED3-997B-72A0296B17E7}.Debug|Any CPU.ActiveCfg = Debug|Any CPU
		{D72561FC-50E6-4ED3-997B-72A0296B17E7}.Debug|Any CPU.Build.0 = Debug|Any CPU
		{D72561FC-50E6-4ED3-997B-72A0296B17E7}.Debug|iPhone.ActiveCfg = Debug|Any CPU
		{D72561FC-50E6-4ED3-997B-72A0296B17E7}.Debug|iPhone.Build.0 = Debug|Any CPU
		{D72561FC-50E6-4ED3-997B-72A0296B17E7}.Debug|iPhoneSimulator.ActiveCfg = Debug|Any CPU
		{D72561FC-50E6-4ED3-997B-72A0296B17E7}.Debug|iPhoneSimulator.Build.0 = Debug|Any CPU
		{D72561FC-50E6-4ED3-997B-72A0296B17E7}.Release|Any CPU.ActiveCfg = Release|Any CPU
		{D72561FC-50E6-4ED3-997B-72A0296B17E7}.Release|Any CPU.Build.0 = Release|Any CPU
		{D72561FC-50E6-4ED3-997B-72A0296B17E7}.Release|iPhone.ActiveCfg = Release|Any CPU
		{D72561FC-50E6-4ED3-997B-72A0296B17E7}.Release|iPhone.Build.0 = Release|Any CPU
		{D72561FC-50E6-4ED3-997B-72A0296B17E7}.Release|iPhoneSimulator.ActiveCfg = Release|Any CPU
		{D72561FC-50E6-4ED3-997B-72A0296B17E7}.Release|iPhoneSimulator.Build.0 = Release|Any CPU
		{67F22499-0815-4DEF-ACFF-5D2231743BEF}.Ad-Hoc|Any CPU.ActiveCfg = Debug|Any CPU
		{67F22499-0815-4DEF-ACFF-5D2231743BEF}.Ad-Hoc|Any CPU.Build.0 = Debug|Any CPU
		{67F22499-0815-4DEF-ACFF-5D2231743BEF}.Ad-Hoc|iPhone.ActiveCfg = Debug|Any CPU
		{67F22499-0815-4DEF-ACFF-5D2231743BEF}.Ad-Hoc|iPhone.Build.0 = Debug|Any CPU
		{67F22499-0815-4DEF-ACFF-5D2231743BEF}.Ad-Hoc|iPhoneSimulator.ActiveCfg = Debug|Any CPU
		{67F22499-0815-4DEF-ACFF-5D2231743BEF}.Ad-Hoc|iPhoneSimulator.Build.0 = Debug|Any CPU
		{67F22499-0815-4DEF-ACFF-5D2231743BEF}.AppStore|Any CPU.ActiveCfg = Debug|Any CPU
		{67F22499-0815-4DEF-ACFF-5D2231743BEF}.AppStore|Any CPU.Build.0 = Debug|Any CPU
		{67F22499-0815-4DEF-ACFF-5D2231743BEF}.AppStore|iPhone.ActiveCfg = Debug|Any CPU
		{67F22499-0815-4DEF-ACFF-5D2231743BEF}.AppStore|iPhone.Build.0 = Debug|Any CPU
		{67F22499-0815-4DEF-ACFF-5D2231743BEF}.AppStore|iPhoneSimulator.ActiveCfg = Debug|Any CPU
		{67F22499-0815-4DEF-ACFF-5D2231743BEF}.AppStore|iPhoneSimulator.Build.0 = Debug|Any CPU
		{67F22499-0815-4DEF-ACFF-5D2231743BEF}.Debug|Any CPU.ActiveCfg = Debug|Any CPU
		{67F22499-0815-4DEF-ACFF-5D2231743BEF}.Debug|Any CPU.Build.0 = Debug|Any CPU
		{67F22499-0815-4DEF-ACFF-5D2231743BEF}.Debug|iPhone.ActiveCfg = Debug|Any CPU
		{67F22499-0815-4DEF-ACFF-5D2231743BEF}.Debug|iPhone.Build.0 = Debug|Any CPU
		{67F22499-0815-4DEF-ACFF-5D2231743BEF}.Debug|iPhoneSimulator.ActiveCfg = Debug|Any CPU
		{67F22499-0815-4DEF-ACFF-5D2231743BEF}.Debug|iPhoneSimulator.Build.0 = Debug|Any CPU
		{67F22499-0815-4DEF-ACFF-5D2231743BEF}.Release|Any CPU.ActiveCfg = Release|Any CPU
		{67F22499-0815-4DEF-ACFF-5D2231743BEF}.Release|Any CPU.Build.0 = Release|Any CPU
		{67F22499-0815-4DEF-ACFF-5D2231743BEF}.Release|iPhone.ActiveCfg = Release|Any CPU
		{67F22499-0815-4DEF-ACFF-5D2231743BEF}.Release|iPhone.Build.0 = Release|Any CPU
		{67F22499-0815-4DEF-ACFF-5D2231743BEF}.Release|iPhoneSimulator.ActiveCfg = Release|Any CPU
		{67F22499-0815-4DEF-ACFF-5D2231743BEF}.Release|iPhoneSimulator.Build.0 = Release|Any CPU
		{FD1B3CC7-63D7-4EFB-8762-C1C369561987}.Ad-Hoc|Any CPU.ActiveCfg = Release|Any CPU
		{FD1B3CC7-63D7-4EFB-8762-C1C369561987}.Ad-Hoc|Any CPU.Build.0 = Release|Any CPU
		{FD1B3CC7-63D7-4EFB-8762-C1C369561987}.Ad-Hoc|Any CPU.Deploy.0 = Release|Any CPU
		{FD1B3CC7-63D7-4EFB-8762-C1C369561987}.Ad-Hoc|iPhone.ActiveCfg = Release|Any CPU
		{FD1B3CC7-63D7-4EFB-8762-C1C369561987}.Ad-Hoc|iPhone.Build.0 = Release|Any CPU
		{FD1B3CC7-63D7-4EFB-8762-C1C369561987}.Ad-Hoc|iPhone.Deploy.0 = Release|Any CPU
		{FD1B3CC7-63D7-4EFB-8762-C1C369561987}.Ad-Hoc|iPhoneSimulator.ActiveCfg = Release|Any CPU
		{FD1B3CC7-63D7-4EFB-8762-C1C369561987}.Ad-Hoc|iPhoneSimulator.Build.0 = Release|Any CPU
		{FD1B3CC7-63D7-4EFB-8762-C1C369561987}.Ad-Hoc|iPhoneSimulator.Deploy.0 = Release|Any CPU
		{FD1B3CC7-63D7-4EFB-8762-C1C369561987}.AppStore|Any CPU.ActiveCfg = Release|Any CPU
		{FD1B3CC7-63D7-4EFB-8762-C1C369561987}.AppStore|Any CPU.Build.0 = Release|Any CPU
		{FD1B3CC7-63D7-4EFB-8762-C1C369561987}.AppStore|Any CPU.Deploy.0 = Release|Any CPU
		{FD1B3CC7-63D7-4EFB-8762-C1C369561987}.AppStore|iPhone.ActiveCfg = Release|Any CPU
		{FD1B3CC7-63D7-4EFB-8762-C1C369561987}.AppStore|iPhone.Build.0 = Release|Any CPU
		{FD1B3CC7-63D7-4EFB-8762-C1C369561987}.AppStore|iPhone.Deploy.0 = Release|Any CPU
		{FD1B3CC7-63D7-4EFB-8762-C1C369561987}.AppStore|iPhoneSimulator.ActiveCfg = Release|Any CPU
		{FD1B3CC7-63D7-4EFB-8762-C1C369561987}.AppStore|iPhoneSimulator.Build.0 = Release|Any CPU
		{FD1B3CC7-63D7-4EFB-8762-C1C369561987}.AppStore|iPhoneSimulator.Deploy.0 = Release|Any CPU
		{FD1B3CC7-63D7-4EFB-8762-C1C369561987}.Debug|Any CPU.ActiveCfg = Debug|Any CPU
		{FD1B3CC7-63D7-4EFB-8762-C1C369561987}.Debug|Any CPU.Build.0 = Debug|Any CPU
		{FD1B3CC7-63D7-4EFB-8762-C1C369561987}.Debug|Any CPU.Deploy.0 = Debug|Any CPU
		{FD1B3CC7-63D7-4EFB-8762-C1C369561987}.Debug|iPhone.ActiveCfg = Debug|Any CPU
		{FD1B3CC7-63D7-4EFB-8762-C1C369561987}.Debug|iPhone.Build.0 = Debug|Any CPU
		{FD1B3CC7-63D7-4EFB-8762-C1C369561987}.Debug|iPhone.Deploy.0 = Debug|Any CPU
		{FD1B3CC7-63D7-4EFB-8762-C1C369561987}.Debug|iPhoneSimulator.ActiveCfg = Debug|Any CPU
		{FD1B3CC7-63D7-4EFB-8762-C1C369561987}.Debug|iPhoneSimulator.Build.0 = Debug|Any CPU
		{FD1B3CC7-63D7-4EFB-8762-C1C369561987}.Debug|iPhoneSimulator.Deploy.0 = Debug|Any CPU
		{FD1B3CC7-63D7-4EFB-8762-C1C369561987}.Release|Any CPU.ActiveCfg = Release|Any CPU
		{FD1B3CC7-63D7-4EFB-8762-C1C369561987}.Release|Any CPU.Build.0 = Release|Any CPU
		{FD1B3CC7-63D7-4EFB-8762-C1C369561987}.Release|Any CPU.Deploy.0 = Release|Any CPU
		{FD1B3CC7-63D7-4EFB-8762-C1C369561987}.Release|iPhone.ActiveCfg = Release|Any CPU
		{FD1B3CC7-63D7-4EFB-8762-C1C369561987}.Release|iPhone.Build.0 = Release|Any CPU
		{FD1B3CC7-63D7-4EFB-8762-C1C369561987}.Release|iPhone.Deploy.0 = Release|Any CPU
		{FD1B3CC7-63D7-4EFB-8762-C1C369561987}.Release|iPhoneSimulator.ActiveCfg = Release|Any CPU
		{FD1B3CC7-63D7-4EFB-8762-C1C369561987}.Release|iPhoneSimulator.Build.0 = Release|Any CPU
		{FD1B3CC7-63D7-4EFB-8762-C1C369561987}.Release|iPhoneSimulator.Deploy.0 = Release|Any CPU
		{6A5096A8-B980-4D1E-AE0F-B6F14B90A80D}.Ad-Hoc|Any CPU.ActiveCfg = Ad-Hoc|iPhone
		{6A5096A8-B980-4D1E-AE0F-B6F14B90A80D}.Ad-Hoc|iPhone.ActiveCfg = Ad-Hoc|iPhone
		{6A5096A8-B980-4D1E-AE0F-B6F14B90A80D}.Ad-Hoc|iPhone.Build.0 = Ad-Hoc|iPhone
		{6A5096A8-B980-4D1E-AE0F-B6F14B90A80D}.Ad-Hoc|iPhoneSimulator.ActiveCfg = Ad-Hoc|iPhoneSimulator
		{6A5096A8-B980-4D1E-AE0F-B6F14B90A80D}.Ad-Hoc|iPhoneSimulator.Build.0 = Ad-Hoc|iPhoneSimulator
		{6A5096A8-B980-4D1E-AE0F-B6F14B90A80D}.AppStore|Any CPU.ActiveCfg = AppStore|iPhone
		{6A5096A8-B980-4D1E-AE0F-B6F14B90A80D}.AppStore|iPhone.ActiveCfg = AppStore|iPhone
		{6A5096A8-B980-4D1E-AE0F-B6F14B90A80D}.AppStore|iPhone.Build.0 = AppStore|iPhone
		{6A5096A8-B980-4D1E-AE0F-B6F14B90A80D}.AppStore|iPhoneSimulator.ActiveCfg = AppStore|iPhoneSimulator
		{6A5096A8-B980-4D1E-AE0F-B6F14B90A80D}.AppStore|iPhoneSimulator.Build.0 = AppStore|iPhoneSimulator
		{6A5096A8-B980-4D1E-AE0F-B6F14B90A80D}.Debug|Any CPU.ActiveCfg = Debug|iPhone
		{6A5096A8-B980-4D1E-AE0F-B6F14B90A80D}.Debug|iPhone.ActiveCfg = Debug|iPhone
		{6A5096A8-B980-4D1E-AE0F-B6F14B90A80D}.Debug|iPhone.Build.0 = Debug|iPhone
		{6A5096A8-B980-4D1E-AE0F-B6F14B90A80D}.Debug|iPhoneSimulator.ActiveCfg = Debug|iPhoneSimulator
		{6A5096A8-B980-4D1E-AE0F-B6F14B90A80D}.Debug|iPhoneSimulator.Build.0 = Debug|iPhoneSimulator
		{6A5096A8-B980-4D1E-AE0F-B6F14B90A80D}.Release|Any CPU.ActiveCfg = Release|iPhone
		{6A5096A8-B980-4D1E-AE0F-B6F14B90A80D}.Release|iPhone.ActiveCfg = Release|iPhone
		{6A5096A8-B980-4D1E-AE0F-B6F14B90A80D}.Release|iPhone.Build.0 = Release|iPhone
		{6A5096A8-B980-4D1E-AE0F-B6F14B90A80D}.Release|iPhoneSimulator.ActiveCfg = Release|iPhoneSimulator
		{6A5096A8-B980-4D1E-AE0F-B6F14B90A80D}.Release|iPhoneSimulator.Build.0 = Release|iPhoneSimulator
		{25C8182F-F823-4D0D-A415-0C5998877C50}.Ad-Hoc|Any CPU.ActiveCfg = Release|Any CPU
		{25C8182F-F823-4D0D-A415-0C5998877C50}.Ad-Hoc|Any CPU.Build.0 = Release|Any CPU
		{25C8182F-F823-4D0D-A415-0C5998877C50}.Ad-Hoc|Any CPU.Deploy.0 = Release|Any CPU
		{25C8182F-F823-4D0D-A415-0C5998877C50}.Ad-Hoc|iPhone.ActiveCfg = Release|Any CPU
		{25C8182F-F823-4D0D-A415-0C5998877C50}.Ad-Hoc|iPhone.Build.0 = Release|Any CPU
		{25C8182F-F823-4D0D-A415-0C5998877C50}.Ad-Hoc|iPhone.Deploy.0 = Release|Any CPU
		{25C8182F-F823-4D0D-A415-0C5998877C50}.Ad-Hoc|iPhoneSimulator.ActiveCfg = Release|Any CPU
		{25C8182F-F823-4D0D-A415-0C5998877C50}.Ad-Hoc|iPhoneSimulator.Build.0 = Release|Any CPU
		{25C8182F-F823-4D0D-A415-0C5998877C50}.Ad-Hoc|iPhoneSimulator.Deploy.0 = Release|Any CPU
		{25C8182F-F823-4D0D-A415-0C5998877C50}.AppStore|Any CPU.ActiveCfg = Release|Any CPU
		{25C8182F-F823-4D0D-A415-0C5998877C50}.AppStore|Any CPU.Build.0 = Release|Any CPU
		{25C8182F-F823-4D0D-A415-0C5998877C50}.AppStore|Any CPU.Deploy.0 = Release|Any CPU
		{25C8182F-F823-4D0D-A415-0C5998877C50}.AppStore|iPhone.ActiveCfg = Release|Any CPU
		{25C8182F-F823-4D0D-A415-0C5998877C50}.AppStore|iPhone.Build.0 = Release|Any CPU
		{25C8182F-F823-4D0D-A415-0C5998877C50}.AppStore|iPhone.Deploy.0 = Release|Any CPU
		{25C8182F-F823-4D0D-A415-0C5998877C50}.AppStore|iPhoneSimulator.ActiveCfg = Release|Any CPU
		{25C8182F-F823-4D0D-A415-0C5998877C50}.AppStore|iPhoneSimulator.Build.0 = Release|Any CPU
		{25C8182F-F823-4D0D-A415-0C5998877C50}.AppStore|iPhoneSimulator.Deploy.0 = Release|Any CPU
		{25C8182F-F823-4D0D-A415-0C5998877C50}.Debug|Any CPU.ActiveCfg = Debug|Any CPU
		{25C8182F-F823-4D0D-A415-0C5998877C50}.Debug|Any CPU.Build.0 = Debug|Any CPU
		{25C8182F-F823-4D0D-A415-0C5998877C50}.Debug|Any CPU.Deploy.0 = Debug|Any CPU
		{25C8182F-F823-4D0D-A415-0C5998877C50}.Debug|iPhone.ActiveCfg = Debug|Any CPU
		{25C8182F-F823-4D0D-A415-0C5998877C50}.Debug|iPhone.Build.0 = Debug|Any CPU
		{25C8182F-F823-4D0D-A415-0C5998877C50}.Debug|iPhone.Deploy.0 = Debug|Any CPU
		{25C8182F-F823-4D0D-A415-0C5998877C50}.Debug|iPhoneSimulator.ActiveCfg = Debug|Any CPU
		{25C8182F-F823-4D0D-A415-0C5998877C50}.Debug|iPhoneSimulator.Build.0 = Debug|Any CPU
		{25C8182F-F823-4D0D-A415-0C5998877C50}.Debug|iPhoneSimulator.Deploy.0 = Debug|Any CPU
		{25C8182F-F823-4D0D-A415-0C5998877C50}.Release|Any CPU.ActiveCfg = Release|Any CPU
		{25C8182F-F823-4D0D-A415-0C5998877C50}.Release|Any CPU.Build.0 = Release|Any CPU
		{25C8182F-F823-4D0D-A415-0C5998877C50}.Release|Any CPU.Deploy.0 = Release|Any CPU
		{25C8182F-F823-4D0D-A415-0C5998877C50}.Release|iPhone.ActiveCfg = Release|Any CPU
		{25C8182F-F823-4D0D-A415-0C5998877C50}.Release|iPhone.Build.0 = Release|Any CPU
		{25C8182F-F823-4D0D-A415-0C5998877C50}.Release|iPhone.Deploy.0 = Release|Any CPU
		{25C8182F-F823-4D0D-A415-0C5998877C50}.Release|iPhoneSimulator.ActiveCfg = Release|Any CPU
		{25C8182F-F823-4D0D-A415-0C5998877C50}.Release|iPhoneSimulator.Build.0 = Release|Any CPU
		{25C8182F-F823-4D0D-A415-0C5998877C50}.Release|iPhoneSimulator.Deploy.0 = Release|Any CPU
		{EAACC8DA-A517-4053-B7A6-B69C0A28562F}.Ad-Hoc|Any CPU.ActiveCfg = Release|iPhone
		{EAACC8DA-A517-4053-B7A6-B69C0A28562F}.Ad-Hoc|Any CPU.Build.0 = Release|iPhone
		{EAACC8DA-A517-4053-B7A6-B69C0A28562F}.Ad-Hoc|iPhone.ActiveCfg = Release|iPhone
		{EAACC8DA-A517-4053-B7A6-B69C0A28562F}.Ad-Hoc|iPhone.Build.0 = Release|iPhone
		{EAACC8DA-A517-4053-B7A6-B69C0A28562F}.Ad-Hoc|iPhoneSimulator.ActiveCfg = Release|iPhoneSimulator
		{EAACC8DA-A517-4053-B7A6-B69C0A28562F}.Ad-Hoc|iPhoneSimulator.Build.0 = Release|iPhoneSimulator
		{EAACC8DA-A517-4053-B7A6-B69C0A28562F}.AppStore|Any CPU.ActiveCfg = Release|iPhone
		{EAACC8DA-A517-4053-B7A6-B69C0A28562F}.AppStore|Any CPU.Build.0 = Release|iPhone
		{EAACC8DA-A517-4053-B7A6-B69C0A28562F}.AppStore|iPhone.ActiveCfg = Release|iPhone
		{EAACC8DA-A517-4053-B7A6-B69C0A28562F}.AppStore|iPhone.Build.0 = Release|iPhone
		{EAACC8DA-A517-4053-B7A6-B69C0A28562F}.AppStore|iPhoneSimulator.ActiveCfg = Release|iPhoneSimulator
		{EAACC8DA-A517-4053-B7A6-B69C0A28562F}.AppStore|iPhoneSimulator.Build.0 = Release|iPhoneSimulator
		{EAACC8DA-A517-4053-B7A6-B69C0A28562F}.Debug|Any CPU.ActiveCfg = Debug|iPhone
		{EAACC8DA-A517-4053-B7A6-B69C0A28562F}.Debug|iPhone.ActiveCfg = Debug|iPhone
		{EAACC8DA-A517-4053-B7A6-B69C0A28562F}.Debug|iPhone.Build.0 = Debug|iPhone
		{EAACC8DA-A517-4053-B7A6-B69C0A28562F}.Debug|iPhoneSimulator.ActiveCfg = Debug|iPhoneSimulator
		{EAACC8DA-A517-4053-B7A6-B69C0A28562F}.Debug|iPhoneSimulator.Build.0 = Debug|iPhoneSimulator
		{EAACC8DA-A517-4053-B7A6-B69C0A28562F}.Release|Any CPU.ActiveCfg = Release|iPhone
		{EAACC8DA-A517-4053-B7A6-B69C0A28562F}.Release|iPhone.ActiveCfg = Release|iPhone
		{EAACC8DA-A517-4053-B7A6-B69C0A28562F}.Release|iPhone.Build.0 = Release|iPhone
		{EAACC8DA-A517-4053-B7A6-B69C0A28562F}.Release|iPhoneSimulator.ActiveCfg = Release|iPhoneSimulator
		{EAACC8DA-A517-4053-B7A6-B69C0A28562F}.Release|iPhoneSimulator.Build.0 = Release|iPhoneSimulator
	EndGlobalSection
	GlobalSection(SolutionProperties) = preSolution
		HideSolutionNode = FALSE
	EndGlobalSection
	GlobalSection(ExtensibilityGlobals) = postSolution
		SolutionGuid = {7797D7B7-A39E-4315-862C-90312D425B97}
	EndGlobalSection
EndGlobal
